# guidance lock — written by BOOTSTRAP, updated by /update-guidance
profile: harness
source:
  name: agents
  ref: 4008ed7  # "feat(commands): add /build and /build-codex workflow commands"
files:
  skills/engineering-principles.md:  { version: 0.2.0, hash: 1c7d981391d4 }
  skills/spec-driven-development.md: { version: 0.3.1, hash: d330fae0ac70 }
  skills/spec-authoring.md:          { version: 0.3.1, hash: 3dbf4e555212 }
  skills/test-driven-development.md: { version: 0.2.0, hash: 7cc58fa24610 }
  skills/code-quality.md:            { version: 0.3.1, hash: 5d9b1dff5beb }
  skills/review-discipline.md:       { version: 0.2.0, hash: 812cf1c264ca }
  skills/architecture.md:            { version: 0.3.0, hash: 4e2937d5dd05 }
  skills/systematic-debugging.md:    { version: 0.2.0, hash: 396e0cebd289 }
  skills/writing-quality.md:         { version: 0.2.0, hash: e296b629f2b1 }
  skills/worktree-isolation.md:      { version: 0.2.0, hash: 2818df4ac3f7 }
  skills/linear-sync.md:             { version: 0.3.0, hash: 57ecfee77c67 }
  skills/assessment-craft.md:        { version: 0.2.0, hash: 0fa0520e2831 }
  agents/dev.md:                     { version: 0.2.1, hash: 35ec657425f8 }
  agents/reviewer.md:                { version: 0.1.2, hash: c283fb3e8f06 }
  agents/architect.md:               { version: 0.2.0, hash: b2cde6f043b7 }
  agents/code-steward.md:            { version: 0.2.0, hash: 491d68f2897b }
  agents/system-steward.md:          { version: 0.2.0, hash: a4f52e22661f }
  commands/propose.md:               { version: 0.1.1, hash: cca5784b19aa }
  commands/start.md:                 { version: 0.2.1, hash: 05cb20ce53c0 }
  commands/review.md:                { version: 0.1.2, hash: 570514138a12 }
  commands/ship.md:                  { version: 0.1.2, hash: 5393413b61ed }
  commands/assess.md:                { version: 0.2.0, hash: 82b6a150ef21 }
  commands/update-guidance.md:       { version: 0.3.0, hash: 1ecb24266439 }
  commands/build.md:                 { version: 1.0.0, hash: 7538e79b3c7a }
  commands/build-codex.md:           { version: 1.0.0, hash: fcab89197d61 }
  templates/proposal.md:             { version: 0.1.1, hash: a80aecbed6db }
  templates/change.md:               { version: 0.1.0, hash: 31321efe2ea5 }
  templates/decision.md:             { version: 0.1.0, hash: 4055cc925a51 }
  templates/infrastructure.md:       { version: 0.1.0, hash: 73e3b069f59e }
  templates/architecture.md:         { version: 0.1.0, hash: a0670f82dbd6 }
  templates/CONTEXT.template.md:     { version: 0.1.6, hash: 01e7cd90832a }
  hooks/prompt-guard.js:             { version: 0.1.0, hash: c098ad7bcde4 }
  hooks/workflow-guard.js:           { version: 0.1.0, hash: c0a76a87e40b }
  hooks/context-monitor.js:          { version: 0.1.0, hash: dcb4cf189cd4 }
  hooks/guidance-freshness.js:       { version: 0.3.0, hash: 87d0994b22a2 }
  process/harness.md:                { version: 0.3.1, hash: 1bcd8a024545 }
  settings/harness.json:             { version: 0.1.0, hash: 09fd0ae3f36c }
